
Microsoft Visual Studio Solution File, Format Version 12.00
# Visual Studio Version 17
VisualStudioVersion = 17.7.34009.444
MinimumVisualStudioVersion = 10.0.40219.1
Project("{8BC9CEB8-8B4A-11D0-8D11-00A0C91BC942}") = "ExampleCPPProject", "ExampleCPPProject.vcxproj", "{87B19E53-77D3-436B-B65B-C380E3208FBE}"
EndProject
Global
	GlobalSection(SolutionConfigurationPlatforms) = preSolution
		Debug|x64 = Debug|x64
		Debug|x86 = Debug|x86
		Release|x64 = Release|x64
		Release|x86 = Release|x86
	EndGlobalSection
	GlobalSection(ProjectConfigurationPlatforms) = postSolution
		{87B19E53-77D3-436B-B65B-C380E3208FBE}.Debug|x64.ActiveCfg = Debug|x64
		{87B19E53-77D3-436B-B65B-C380E3208FBE}.Debug|x64.Build.0 = Debug|x64
		{87B19E53-77D3-436B-B65B-C380E3208FBE}.Debug|x86.ActiveCfg = Debug|Win32
		{87B19E53-77D3-436B-B65B-C380E3208FBE}.Debug|x86.Build.0 = Debug|Win32
		{87B19E53-77D3-436B-B65B-C380E3208FBE}.Release|x64.ActiveCfg = Release|x64
		{87B19E53-77D3-436B-B65B-C380E3208FBE}.Release|x64.Build.0 = Release|x64
		{87B19E53-77D3-436B-B65B-C380E3208FBE}.Release|x86.ActiveCfg = Release|Win32
		{87B19E53-77D3-436B-B65B-C380E3208FBE}.Release|x86.Build.0 = Release|Win32
	EndGlobalSection
	GlobalSection(SolutionProperties) = preSolution
		HideSolutionNode = FALSE
	EndGlobalSection
	GlobalSection(ExtensibilityGlobals) = postSolution
		SolutionGuid = {778884A6-D48B-4A94-BAED-C9FA42E096C1}
	EndGlobalSection
EndGlobal
